
Microsoft Visual Studio Solution File, Format Version 12.00
# Visual Studio Version 16
VisualStudioVersion = 16.0.29728.190
MinimumVisualStudioVersion = 10.0.40219.1
Project("{FAE04EC0-301F-11D3-BF4B-00C04F79EFBC}") = "WPFToolkit.Extended", "WPFToolkit.Extended\WPFToolkit.Extended.csproj", "{72E591D6-8F83-4D8C-8F67-9C325E623234}"
EndProject
Project("{FAE04EC0-301F-11D3-BF4B-00C04F79EFBC}") = "Huarui.Config", "Huarui.Config\Huarui.Config.csproj", "{AE05506E-F277-4055-B72D-ABA4CC8C9D76}"
EndProject
Project("{FAE04EC0-301F-11D3-BF4B-00C04F79EFBC}") = "Demo", "Demo\Demo.csproj", "{7A8886DA-5BF1-426F-A741-20E8A3298768}"
EndProject
Project("{2150E333-8FDC-42A3-9474-1A3956D46DE8}") = "Solution Items", "Solution Items", "{5380EF1B-073E-454E-BE7D-71DA011A8DAC}"
	ProjectSection(SolutionItems) = preProject
		License.txt = License.txt
		Readme.md = Readme.md
		ReadmeZh.md = ReadmeZh.md
		..\..\Users\weihuajiang\Desktop\screenshot.png = ..\..\Users\weihuajiang\Desktop\screenshot.png
	EndProjectSection
EndProject
Global
	GlobalSection(SolutionConfigurationPlatforms) = preSolution
		Debug|Any CPU = Debug|Any CPU
		Release|Any CPU = Release|Any CPU
	EndGlobalSection
	GlobalSection(ProjectConfigurationPlatforms) = postSolution
		{72E591D6-8F83-4D8C-8F67-9C325E623234}.Debug|Any CPU.ActiveCfg = Debug|Any CPU
		{72E591D6-8F83-4D8C-8F67-9C325E623234}.Debug|Any CPU.Build.0 = Debug|Any CPU
		{72E591D6-8F83-4D8C-8F67-9C325E623234}.Release|Any CPU.ActiveCfg = Release|Any CPU
		{72E591D6-8F83-4D8C-8F67-9C325E623234}.Release|Any CPU.Build.0 = Release|Any CPU
		{AE05506E-F277-4055-B72D-ABA4CC8C9D76}.Debug|Any CPU.ActiveCfg = Debug|Any CPU
		{AE05506E-F277-4055-B72D-ABA4CC8C9D76}.Debug|Any CPU.Build.0 = Debug|Any CPU
		{AE05506E-F277-4055-B72D-ABA4CC8C9D76}.Release|Any CPU.ActiveCfg = Release|Any CPU
		{AE05506E-F277-4055-B72D-ABA4CC8C9D76}.Release|Any CPU.Build.0 = Release|Any CPU
		{7A8886DA-5BF1-426F-A741-20E8A3298768}.Debug|Any CPU.ActiveCfg = Debug|Any CPU
		{7A8886DA-5BF1-426F-A741-20E8A3298768}.Debug|Any CPU.Build.0 = Debug|Any CPU
		{7A8886DA-5BF1-426F-A741-20E8A3298768}.Release|Any CPU.ActiveCfg = Release|Any CPU
		{7A8886DA-5BF1-426F-A741-20E8A3298768}.Release|Any CPU.Build.0 = Release|Any CPU
	EndGlobalSection
	GlobalSection(SolutionProperties) = preSolution
		HideSolutionNode = FALSE
	EndGlobalSection
	GlobalSection(ExtensibilityGlobals) = postSolution
		SolutionGuid = {4A82CEA4-365A-4368-9C77-087B06423017}
	EndGlobalSection
EndGlobal
